
Microsoft Visual Studio Solution File, Format Version 12.00
# Visual Studio Version 16
VisualStudioVersion = 16.0.30011.22
MinimumVisualStudioVersion = 10.0.40219.1
Project("{FAE04EC0-301F-11D3-BF4B-00C04F79EFBC}") = "getDevices", "getDevices.csproj", "{7B7A39B9-E120-4D98-B0F6-68C72BB56E18}"
EndProject
Global
	GlobalSection(SolutionConfigurationPlatforms) = preSolution
		Debug|Any CPU = Debug|Any CPU
		Release|Any CPU = Release|Any CPU
	EndGlobalSection
	GlobalSection(ProjectConfigurationPlatforms) = postSolution
		{7B7A39B9-E120-4D98-B0F6-68C72BB56E18}.Debug|Any CPU.ActiveCfg = Debug|Any CPU
		{7B7A39B9-E120-4D98-B0F6-68C72BB56E18}.Debug|Any CPU.Build.0 = Debug|Any CPU
		{7B7A39B9-E120-4D98-B0F6-68C72BB56E18}.Release|Any CPU.ActiveCfg = Release|Any CPU
		{7B7A39B9-E120-4D98-B0F6-68C72BB56E18}.Release|Any CPU.Build.0 = Release|Any CPU
	EndGlobalSection
	GlobalSection(SolutionProperties) = preSolution
		HideSolutionNode = FALSE
	EndGlobalSection
	GlobalSection(ExtensibilityGlobals) = postSolution
		SolutionGuid = {6B7CF05F-57FD-4F98-8995-4E3DF304F1CA}
	EndGlobalSection
EndGlobal
